{
  "originHash" : "eee6bd959a16bcb79b56c2587f93d2445667972c9457c3752d2cc86cfa9ea991",
  "pins" : [
    {
      "identity" : "swift-log",
      "kind" : "remoteSourceControl",
      "location" : "https://github.com/apple/swift-log",
      "state" : {
        "revision" : "2aed77ae5ec9a86d8fe42c12275e4c2653a286ee",
        "version" : "1.13.1"
      }
    },
    {
      "identity" : "webrtc",
      "kind" : "remoteSourceControl",
      "location" : "https://github.com/vitali-kurlovich/webrtc.git",
      "state" : {
        "revision" : "b787287dce040fe2667682071325d44bb78f5d0a",
        "version" : "0.148.0"
      }
    }
  ],
  "version" : 3
}
